// !$*UTF8*$!
{
	archiveVersion = 1;
	classes = {
	};
	objectVersion = 48;
	objects = {

/* Begin PBXBuildFile section */
		9B2BF7D41FA273C3005C2200 /* AppDelegate.swift in Sources */ = {isa = PBXBuildFile; fileRef = 9B2BF7D31FA273C3005C2200 /* AppDelegate.swift */; };
		9B2BF7D61FA273C3005C2200 /* ViewController.swift in Sources */ = {isa = PBXBuildFile; fileRef = 9B2BF7D51FA273C3005C2200 /* ViewController.swift */; };
		9B2BF7D91FA273C3005C2200 /* Main.storyboard in Resources */ = {isa = PBXBuildFile; fileRef = 9B2BF7D71FA273C3005C2200 /* Main.storyboard */; };
		9B2BF7DB1FA273C4005C2200 /* Assets.xcassets in Resources */ = {isa = PBXBuildFile; fileRef = 9B2BF7DA1FA273C4005C2200 /* Assets.xcassets */; };
		9B2BF7DE1FA273C4005C2200 /* LaunchScreen.storyboard in Resources */ = {isa = PBXBuildFile; fileRef = 9B2BF7DC1FA273C4005C2200 /* LaunchScreen.storyboard */; };
		9B2BF7E91FA273C4005C2200 /* BDDUITests.swift in Sources */ = {isa = PBXBuildFile; fileRef = 9B2BF7E81FA273C4005C2200 /* BDDUITests.swift */; };
/* End PBXBuildFile section */

/* Begin PBXContainerItemProxy section */
		9B2BF7E51FA273C4005C2200 /* PBXContainerItemProxy */ = {
			isa = PBXContainerItemProxy;
			containerPortal = 9B2BF7C81FA273C3005C2200 /* Project object */;
			proxyType = 1;
			remoteGlobalIDString = 9B2BF7CF1FA273C3005C2200;
			remoteInfo = BDD;
		};
/* End PBXContainerItemProxy section */

/* Begin PBXFileReference section */
		9B2BF7D01FA273C3005C2200 /* BDD.app */ = {isa = PBXFileReference; explicitFileType = wrapper.application; includeInIndex = 0; path = BDD.app; sourceTree = BUILT_PRODUCTS_DIR; };
		9B2BF7D31FA273C3005C2200 /* AppDelegate.swift */ = {isa = PBXFileReference; lastKnownFileType = sourcecode.swift; path = AppDelegate.swift; sourceTree = "<group>"; };
		9B2BF7D51FA273C3005C2200 /* ViewController.swift */ = {isa = PBXFileReference; lastKnownFileType = sourcecode.swift; path = ViewController.swift; sourceTree = "<group>"; };
		9B2BF7D81FA273C3005C2200 /* Base */ = {isa = PBXFileReference; lastKnownFileType = file.storyboard; name = Base; path = Base.lproj/Main.storyboard; sourceTree = "<group>"; };
		9B2BF7DA1FA273C4005C2200 /* Assets.xcassets */ = {isa = PBXFileReference; lastKnownFileType = folder.assetcatalog; path = Assets.xcassets; sourceTree = "<group>"; };
		9B2BF7DD1FA273C4005C2200 /* Base */ = {isa = PBXFileReference; lastKnownFileType = file.storyboard; name = Base; path = Base.lproj/LaunchScreen.storyboard; sourceTree = "<group>"; };
		9B2BF7DF1FA273C4005C2200 /* Info.plist */ = {isa = PBXFileReference; lastKnownFileType = text.plist.xml; path = Info.plist; sourceTree = "<group>"; };
		9B2BF7E41FA273C4005C2200 /* BDDUITests.xctest */ = {isa = PBXFileReference; explicitFileType = wrapper.cfbundle; includeInIndex = 0; path = BDDUITests.xctest; sourceTree = BUILT_PRODUCTS_DIR; };
		9B2BF7E81FA273C4005C2200 /* BDDUITests.swift */ = {isa = PBXFileReference; lastKnownFileType = sourcecode.swift; path = BDDUITests.swift; sourceTree = "<group>"; };
		9B2BF7EA1FA273C4005C2200 /* Info.plist */ = {isa = PBXFileReference; lastKnownFileType = text.plist.xml; path = Info.plist; sourceTree = "<group>"; };
/* End PBXFileReference section */

/* Begin PBXFrameworksBuildPhase section */
		9B2BF7CD1FA273C3005C2200 /* Frameworks */ = {
			isa = PBXFrameworksBuildPhase;
			buildActionMask = 2147483647;
			files = (
			);
			runOnlyForDeploymentPostprocessing = 0;
		};
		9B2BF7E11FA273C4005C2200 /* Frameworks */ = {
			isa = PBXFrameworksBuildPhase;
			buildActionMask = 2147483647;
			files = (
			);
			runOnlyForDeploymentPostprocessing = 0;
		};
/* End PBXFrameworksBuildPhase section */

/* Begin PBXGroup section */
		9B2BF7C71FA273C3005C2200 = {
			isa = PBXGroup;
			children = (
				9B2BF7D21FA273C3005C2200 /* BDD */,
				9B2BF7E71FA273C4005C2200 /* BDDUITests */,
				9B2BF7D11FA273C3005C2200 /* Products */,
			);
			sourceTree = "<group>";
		};
		9B2BF7D11FA273C3005C2200 /* Products */ = {
			isa = PBXGroup;
			children = (
				9B2BF7D01FA273C3005C2200 /* BDD.app */,
				9B2BF7E41FA273C4005C2200 /* BDDUITests.xctest */,
			);
			name = Products;
			sourceTree = "<group>";
		};
		9B2BF7D21FA273C3005C2200 /* BDD */ = {
			isa = PBXGroup;
			children = (
				9B2BF7D31FA273C3005C2200 /* AppDelegate.swift */,
				9B2BF7D51FA273C3005C2200 /* ViewController.swift */,
				9B2BF7D71FA273C3005C2200 /* Main.storyboard */,
				9B2BF7DA1FA273C4005C2200 /* Assets.xcassets */,
				9B2BF7DC1FA273C4005C2200 /* LaunchScreen.storyboard */,
				9B2BF7DF1FA273C4005C2200 /* Info.plist */,
			);
			path = BDD;
			sourceTree = "<group>";
		};
		9B2BF7E71FA273C4005C2200 /* BDDUITests */ = {
			isa = PBXGroup;
			children = (
				9B2BF7E81FA273C4005C2200 /* BDDUITests.swift */,
				9B2BF7EA1FA273C4005C2200 /* Info.plist */,
			);
			path = BDDUITests;
			sourceTree = "<group>";
		};
/* End PBXGroup section */

/* Begin PBXNativeTarget section */
		9B2BF7CF1FA273C3005C2200 /* BDD */ = {
			isa = PBXNativeTarget;
			buildConfigurationList = 9B2BF7ED1FA273C4005C2200 /* Build configuration list for PBXNativeTarget "BDD" */;
			buildPhases = (
				9B2BF7CC1FA273C3005C2200 /* Sources */,
				9B2BF7CD1FA273C3005C2200 /* Frameworks */,
				9B2BF7CE1FA273C3005C2200 /* Resources */,
			);
			buildRules = (
			);
			dependencies = (
			);
			name = BDD;
			productName = BDD;
			productReference = 9B2BF7D01FA273C3005C2200 /* BDD.app */;
			productType = "com.apple.product-type.application";
		};
		9B2BF7E31FA273C4005C2200 /* BDDUITests */ = {
			isa = PBXNativeTarget;
			buildConfigurationList = 9B2BF7F01FA273C4005C2200 /* Build configuration list for PBXNativeTarget "BDDUITests" */;
			buildPhases = (
				9B2BF7E01FA273C4005C2200 /* Sources */,
				9B2BF7E11FA273C4005C2200 /* Frameworks */,
				9B2BF7E21FA273C4005C2200 /* Resources */,
			);
			buildRules = (
			);
			dependencies = (
				9B2BF7E61FA273C4005C2200 /* PBXTargetDependency */,
			);
			name = BDDUITests;
			productName = BDDUITests;
			productReference = 9B2BF7E41FA273C4005C2200 /* BDDUITests.xctest */;
			productType = "com.apple.product-type.bundle.ui-testing";
		};
/* End PBXNativeTarget section */

/* Begin PBXProject section */
		9B2BF7C81FA273C3005C2200 /* Project object */ = {
			isa = PBXProject;
			attributes = {
				LastSwiftUpdateCheck = 0900;
				LastUpgradeCheck = 0900;
				ORGANIZATIONNAME = "Shashikant Jagtap";
				TargetAttributes = {
					9B2BF7CF1FA273C3005C2200 = {
						CreatedOnToolsVersion = 9.0;
						ProvisioningStyle = Automatic;
					};
					9B2BF7E31FA273C4005C2200 = {
						CreatedOnToolsVersion = 9.0;
						ProvisioningStyle = Automatic;
						TestTargetID = 9B2BF7CF1FA273C3005C2200;
					};
				};
			};
			buildConfigurationList = 9B2BF7CB1FA273C3005C2200 /* Build configuration list for PBXProject "BDD" */;
			compatibilityVersion = "Xcode 8.0";
			developmentRegion = en;
			hasScannedForEncodings = 0;
			knownRegions = (
				en,
				Base,
			);
			mainGroup = 9B2BF7C71FA273C3005C2200;
			productRefGroup = 9B2BF7D11FA273C3005C2200 /* Products */;
			projectDirPath = "";
			projectRoot = "";
			targets = (
				9B2BF7CF1FA273C3005C2200 /* BDD */,
				9B2BF7E31FA273C4005C2200 /* BDDUITests */,
			);
		};
/* End PBXProject section */

/* Begin PBXResourcesBuildPhase section */
		9B2BF7CE1FA273C3005C2200 /* Resources */ = {
			isa = PBXResourcesBuildPhase;
			buildActionMask = 2147483647;
			files = (
				9B2BF7DE1FA273C4005C2200 /* LaunchScreen.storyboard in Resources */,
				9B2BF7DB1FA273C4005C2200 /* Assets.xcassets in Resources */,
				9B2BF7D91FA273C3005C2200 /* Main.storyboard in Resources */,
			);
			runOnlyForDeploymentPostprocessing = 0;
		};
		9B2BF7E21FA273C4005C2200 /* Resources */ = {
			isa = PBXResourcesBuildPhase;
			buildActionMask = 2147483647;
			files = (
			);
			runOnlyForDeploymentPostprocessing = 0;
		};
/* End PBXResourcesBuildPhase section */

/* Begin PBXSourcesBuildPhase section */
		9B2BF7CC1FA273C3005C2200 /* Sources */ = {
			isa = PBXSourcesBuildPhase;
			buildActionMask = 2147483647;
			files = (
				9B2BF7D61FA273C3005C2200 /* ViewController.swift in Sources */,
				9B2BF7D41FA273C3005C2200 /* AppDelegate.swift in Sources */,
			);
			runOnlyForDeploymentPostprocessing = 0;
		};
		9B2BF7E01FA273C4005C2200 /* Sources */ = {
			isa = PBXSourcesBuildPhase;
			buildActionMask = 2147483647;
			files = (
				9B2BF7E91FA273C4005C2200 /* BDDUITests.swift in Sources */,
			);
			runOnlyForDeploymentPostprocessing = 0;
		};
/* End PBXSourcesBuildPhase section */

/* Begin PBXTargetDependency section */
		9B2BF7E61FA273C4005C2200 /* PBXTargetDependency */ = {
			isa = PBXTargetDependency;
			target = 9B2BF7CF1FA273C3005C2200 /* BDD */;
			targetProxy = 9B2BF7E51FA273C4005C2200 /* PBXContainerItemProxy */;
		};
/* End PBXTargetDependency section */

/* Begin PBXVariantGroup section */
		9B2BF7D71FA273C3005C2200 /* Main.storyboard */ = {
			isa = PBXVariantGroup;
			children = (
				9B2BF7D81FA273C3005C2200 /* Base */,
			);
			name = Main.storyboard;
			sourceTree = "<group>";
		};
		9B2BF7DC1FA273C4005C2200 /* LaunchScreen.storyboard */ = {
			isa = PBXVariantGroup;
			children = (
				9B2BF7DD1FA273C4005C2200 /* Base */,
			);
			name = LaunchScreen.storyboard;
			sourceTree = "<group>";
		};
/* End PBXVariantGroup section */

/* Begin XCBuildConfiguration section */
		9B2BF7EB1FA273C4005C2200 /* Debug */ = {
			isa = XCBuildConfiguration;
			buildSettings = {
				ALWAYS_SEARCH_USER_PATHS = NO;
				CLANG_ANALYZER_NONNULL = YES;
				CLANG_ANALYZER_NUMBER_OBJECT_CONVERSION = YES_AGGRESSIVE;
				CLANG_CXX_LANGUAGE_STANDARD = "gnu++14";
				CLANG_CXX_LIBRARY = "libc++";
				CLANG_ENABLE_MODULES = YES;
				CLANG_ENABLE_OBJC_ARC = YES;
				CLANG_WARN_BLOCK_CAPTURE_AUTORELEASING = YES;
				CLANG_WARN_BOOL_CONVERSION = YES;
				CLANG_WARN_COMMA = YES;
				CLANG_WARN_CONSTANT_CONVERSION = YES;
				CLANG_WARN_DIRECT_OBJC_ISA_USAGE = YES_ERROR;
				CLANG_WARN_DOCUMENTATION_COMMENTS = YES;
				CLANG_WARN_EMPTY_BODY = YES;
				CLANG_WARN_ENUM_CONVERSION = YES;
				CLANG_WARN_INFINITE_RECURSION = YES;
				CLANG_WARN_INT_CONVERSION = YES;
				CLANG_WARN_NON_LITERAL_NULL_CONVERSION = YES;
				CLANG_WARN_OBJC_LITERAL_CONVERSION = YES;
				CLANG_WARN_OBJC_ROOT_CLASS = YES_ERROR;
				CLANG_WARN_RANGE_LOOP_ANALYSIS = YES;
				CLANG_WARN_STRICT_PROTOTYPES = YES;
				CLANG_WARN_SUSPICIOUS_MOVE = YES;
				CLANG_WARN_UNGUARDED_AVAILABILITY = YES_AGGRESSIVE;
				CLANG_WARN_UNREACHABLE_CODE = YES;
				CLANG_WARN__DUPLICATE_METHOD_MATCH = YES;
				CODE_SIGN_IDENTITY = "iPhone Developer";
				COPY_PHASE_STRIP = NO;
				DEBUG_INFORMATION_FORMAT = dwarf;
				ENABLE_STRICT_OBJC_MSGSEND = YES;
				ENABLE_TESTABILITY = YES;
				GCC_C_LANGUAGE_STANDARD = gnu11;
				GCC_DYNAMIC_NO_PIC = NO;
				GCC_NO_COMMON_BLOCKS = YES;
				GCC_OPTIMIZATION_LEVEL = 0;
				GCC_PREPROCESSOR_DEFINITIONS = (
					"DEBUG=1",
					"$(inherited)",
				);
				GCC_WARN_64_TO_32_BIT_CONVERSION = YES;
				GCC_WARN_ABOUT_RETURN_TYPE = YES_ERROR;
				GCC_WARN_UNDECLARED_SELECTOR = YES;
				GCC_WARN_UNINITIALIZED_AUTOS = YES_AGGRESSIVE;
				GCC_WARN_UNUSED_FUNCTION = YES;
				GCC_WARN_UNUSED_VARIABLE = YES;
				IPHONEOS_DEPLOYMENT_TARGET = 11.0;
				MTL_ENABLE_DEBUG_INFO = YES;
				ONLY_ACTIVE_ARCH = YES;
				SDKROOT = iphoneos;
				SWIFT_ACTIVE_COMPILATION_CONDITIONS = DEBUG;
				SWIFT_OPTIMIZATION_LEVEL = "-Onone";
			};
			name = Debug;
		};
		9B2BF7EC1FA273C4005C2200 /* Release */ = {
			isa = XCBuildConfiguration;
			buildSettings = {
				ALWAYS_SEARCH_USER_PATHS = NO;
				CLANG_ANALYZER_NONNULL = YES;
				CLANG_ANALYZER_NUMBER_OBJECT_CONVERSION = YES_AGGRESSIVE;
				CLANG_CXX_LANGUAGE_STANDARD = "gnu++14";
				CLANG_CXX_LIBRARY = "libc++";
				CLANG_ENABLE_MODULES = YES;
				CLANG_ENABLE_OBJC_ARC = YES;
				CLANG_WARN_BLOCK_CAPTURE_AUTORELEASING = YES;
				CLANG_WARN_BOOL_CONVERSION = YES;
				CLANG_WARN_COMMA = YES;
				CLANG_WARN_CONSTANT_CONVERSION = YES;
				CLANG_WARN_DIRECT_OBJC_ISA_USAGE = YES_ERROR;
				CLANG_WARN_DOCUMENTATION_COMMENTS = YES;
				CLANG_WARN_EMPTY_BODY = YES;
				CLANG_WARN_ENUM_CONVERSION = YES;
				CLANG_WARN_INFINITE_RECURSION = YES;
				CLANG_WARN_INT_CONVERSION = YES;
				CLANG_WARN_NON_LITERAL_NULL_CONVERSION = YES;
				CLANG_WARN_OBJC_LITERAL_CONVERSION = YES;
				CLANG_WARN_OBJC_ROOT_CLASS = YES_ERROR;
				CLANG_WARN_RANGE_LOOP_ANALYSIS = YES;
				CLANG_WARN_STRICT_PROTOTYPES = YES;
				CLANG_WARN_SUSPICIOUS_MOVE = YES;
				CLANG_WARN_UNGUARDED_AVAILABILITY = YES_AGGRESSIVE;
				CLANG_WARN_UNREACHABLE_CODE = YES;
				CLANG_WARN__DUPLICATE_METHOD_MATCH = YES;
				CODE_SIGN_IDENTITY = "iPhone Developer";
				COPY_PHASE_STRIP = NO;
				DEBUG_INFORMATION_FORMAT = "dwarf-with-dsym";
				ENABLE_NS_ASSERTIONS = NO;
				ENABLE_STRICT_OBJC_MSGSEND = YES;
				GCC_C_LANGUAGE_STANDARD = gnu11;
				GCC_NO_COMMON_BLOCKS = YES;
				GCC_WARN_64_TO_32_BIT_CONVERSION = YES;
				GCC_WARN_ABOUT_RETURN_TYPE = YES_ERROR;
				GCC_WARN_UNDECLARED_SELECTOR = YES;
				GCC_WARN_UNINITIALIZED_AUTOS = YES_AGGRESSIVE;
				GCC_WARN_UNUSED_FUNCTION = YES;
				GCC_WARN_UNUSED_VARIABLE = YES;
				IPHONEOS_DEPLOYMENT_TARGET = 11.0;
				MTL_ENABLE_DEBUG_INFO = NO;
				SDKROOT = iphoneos;
				SWIFT_OPTIMIZATION_LEVEL = "-Owholemodule";
				VALIDATE_PRODUCT = YES;
			};
			name = Release;
		};
		9B2BF7EE1FA273C4005C2200 /* Debug */ = {
			isa = XCBuildConfiguration;
			buildSettings = {
				ASSETCATALOG_COMPILER_APPICON_NAME = AppIcon;
				CODE_SIGN_STYLE = Automatic;
				INFOPLIST_FILE = BDD/Info.plist;
				LD_RUNPATH_SEARCH_PATHS = "$(inherited) @executable_path/Frameworks";
				PRODUCT_BUNDLE_IDENTIFIER = shashi.BDD;
				PRODUCT_NAME = "$(TARGET_NAME)";
				SWIFT_VERSION = 4.0;
				TARGETED_DEVICE_FAMILY = "1,2";
			};
			name = Debug;
		};
		9B2BF7EF1FA273C4005C2200 /* Release */ = {
			isa = XCBuildConfiguration;
			buildSettings = {
				ASSETCATALOG_COMPILER_APPICON_NAME = AppIcon;
				CODE_SIGN_STYLE = Automatic;
				INFOPLIST_FILE = BDD/Info.plist;
				LD_RUNPATH_SEARCH_PATHS = "$(inherited) @executable_path/Frameworks";
				PRODUCT_BUNDLE_IDENTIFIER = shashi.BDD;
				PRODUCT_NAME = "$(TARGET_NAME)";
				SWIFT_VERSION = 4.0;
				TARGETED_DEVICE_FAMILY = "1,2";
			};
			name = Release;
		};
		9B2BF7F11FA273C4005C2200 /* Debug */ = {
			isa = XCBuildConfiguration;
			buildSettings = {
				ALWAYS_EMBED_SWIFT_STANDARD_LIBRARIES = YES;
				CODE_SIGN_STYLE = Automatic;
				INFOPLIST_FILE = BDDUITests/Info.plist;
				LD_RUNPATH_SEARCH_PATHS = "$(inherited) @executable_path/Frameworks @loader_path/Frameworks";
				PRODUCT_BUNDLE_IDENTIFIER = shashi.BDDUITests;
				PRODUCT_NAME = "$(TARGET_NAME)";
				SWIFT_VERSION = 4.0;
				TARGETED_DEVICE_FAMILY = "1,2";
				TEST_TARGET_NAME = BDD;
			};
			name = Debug;
		};
		9B2BF7F21FA273C4005C2200 /* Release */ = {
			isa = XCBuildConfiguration;
			buildSettings = {
				ALWAYS_EMBED_SWIFT_STANDARD_LIBRARIES = YES;
				CODE_SIGN_STYLE = Automatic;
				INFOPLIST_FILE = BDDUITests/Info.plist;
				LD_RUNPATH_SEARCH_PATHS = "$(inherited) @executable_path/Frameworks @loader_path/Frameworks";
				PRODUCT_BUNDLE_IDENTIFIER = shashi.BDDUITests;
				PRODUCT_NAME = "$(TARGET_NAME)";
				SWIFT_VERSION = 4.0;
				TARGETED_DEVICE_FAMILY = "1,2";
				TEST_TARGET_NAME = BDD;
			};
			name = Release;
		};
/* End XCBuildConfiguration section */

/* Begin XCConfigurationList section */
		9B2BF7CB1FA273C3005C2200 /* Build configuration list for PBXProject "BDD" */ = {
			isa = XCConfigurationList;
			buildConfigurations = (
				9B2BF7EB1FA273C4005C2200 /* Debug */,
				9B2BF7EC1FA273C4005C2200 /* Release */,
			);
			defaultConfigurationIsVisible = 0;
			defaultConfigurationName = Release;
		};
		9B2BF7ED1FA273C4005C2200 /* Build configuration list for PBXNativeTarget "BDD" */ = {
			isa = XCConfigurationList;
			buildConfigurations = (
				9B2BF7EE1FA273C4005C2200 /* Debug */,
				9B2BF7EF1FA273C4005C2200 /* Release */,
			);
			defaultConfigurationIsVisible = 0;
			defaultConfigurationName = Release;
		};
		9B2BF7F01FA273C4005C2200 /* Build configuration list for PBXNativeTarget "BDDUITests" */ = {
			isa = XCConfigurationList;
			buildConfigurations = (
				9B2BF7F11FA273C4005C2200 /* Debug */,
				9B2BF7F21FA273C4005C2200 /* Release */,
			);
			defaultConfigurationIsVisible = 0;
			defaultConfigurationName = Release;
		};
/* End XCConfigurationList section */
	};
	rootObject = 9B2BF7C81FA273C3005C2200 /* Project object */;
}
